// !$*UTF8*$!
{
	archiveVersion = 1;
	classes = {
	};
	objectVersion = 56;
	objects = {

/* Begin PBXBuildFile section */
		01BF00000000000000000001 /* AppDelegate.swift in Sources */ = {isa = PBXBuildFile; fileRef = 01AF00000000000000000001 /* AppDelegate.swift */; };
		01BF00000000000000000002 /* SceneDelegate.swift in Sources */ = {isa = PBXBuildFile; fileRef = 01AF00000000000000000002 /* SceneDelegate.swift */; };
		01BF00000000000000000004 /* HScrollView.swift in Sources */ = {isa = PBXBuildFile; fileRef = 01AF00000000000000000004 /* HScrollView.swift */; };
		01BF00000000000000000005 /* PostCell.swift in Sources */ = {isa = PBXBuildFile; fileRef = 01AF00000000000000000005 /* PostCell.swift */; };
		01BF00000000000000000006 /* CommentTextView.swift in Sources */ = {isa = PBXBuildFile; fileRef = 01AF00000000000000000006 /* CommentTextView.swift */; };
		01BF00000000000000000007 /* PostImageCell.swift in Sources */ = {isa = PBXBuildFile; fileRef = 01AF00000000000000000007 /* PostImageCell.swift */; };
		01BF00000000000000000008 /* Post.swift in Sources */ = {isa = PBXBuildFile; fileRef = 01AF00000000000000000008 /* Post.swift */; };
		01BF00000000000000000009 /* PostCellToolbarButton.swift in Sources */ = {isa = PBXBuildFile; fileRef = 01AF00000000000000000009 /* PostCellToolbarButton.swift */; };
		01BF0000000000000000000A /* UserData.swift in Sources */ = {isa = PBXBuildFile; fileRef = 01AF0000000000000000000A /* UserData.swift */; };
		01BF0000000000000000000B /* KeyboardResponder.swift in Sources */ = {isa = PBXBuildFile; fileRef = 01AF0000000000000000000B /* KeyboardResponder.swift */; };
		01BF0000000000000000000C /* HomeView.swift in Sources */ = {isa = PBXBuildFile; fileRef = 01AF0000000000000000000C /* HomeView.swift */; };
		01BF0000000000000000000D /* CommentInputView.swift in Sources */ = {isa = PBXBuildFile; fileRef = 01AF0000000000000000000D /* CommentInputView.swift */; };
		01BF0000000000000000000E /* PostDetailView.swift in Sources */ = {isa = PBXBuildFile; fileRef = 01AF0000000000000000000E /* PostDetailView.swift */; };
		01BF0000000000000000000F /* HomeNavigationBar.swift in Sources */ = {isa = PBXBuildFile; fileRef = 01AF0000000000000000000F /* HomeNavigationBar.swift */; };
		01BF00000000000000000010 /* PostListView.swift in Sources */ = {isa = PBXBuildFile; fileRef = 01AF00000000000000000010 /* PostListView.swift */; };
		01BF00000000000000000011 /* PostVIPBadge.swift in Sources */ = {isa = PBXBuildFile; fileRef = 01AF00000000000000000011 /* PostVIPBadge.swift */; };
		01BF00000000000000000018 /* ComposePostView.swift in Sources */ = {isa = PBXBuildFile; fileRef = 01AF00000000000000000018 /* ComposePostView.swift */; };
		01BF00000000000000000019 /* MediaPickerView.swift in Sources */ = {isa = PBXBuildFile; fileRef = 01AF00000000000000000019 /* MediaPickerView.swift */; };
		01BF0000000000000000001A /* HomeChromeViews.swift in Sources */ = {isa = PBXBuildFile; fileRef = 01AF0000000000000000001A /* HomeChromeViews.swift */; };
		01BF0000000000000000001B /* HomeFeedPagerView.swift in Sources */ = {isa = PBXBuildFile; fileRef = 01AF0000000000000000001B /* HomeFeedPagerView.swift */; };
		01BF0000000000000000001C /* HomeSearchView.swift in Sources */ = {isa = PBXBuildFile; fileRef = 01AF0000000000000000001C /* HomeSearchView.swift */; };
		01BF00000000000000000032 /* ProfileView.swift in Sources */ = {isa = PBXBuildFile; fileRef = 01AF00000000000000000032 /* ProfileView.swift */; };
		01BF00000000000000000031 /* NotificationsView.swift in Sources */ = {isa = PBXBuildFile; fileRef = 01AF00000000000000000031 /* NotificationsView.swift */; };
		01BF00000000000000000030 /* RootView.swift in Sources */ = {isa = PBXBuildFile; fileRef = 01AF00000000000000000030 /* RootView.swift */; };
		01BF00000000000000000020 /* Assets.xcassets in Resources */ = {isa = PBXBuildFile; fileRef = 01AF00000000000000000012 /* Assets.xcassets */; };
		01BF00000000000000000021 /* LaunchScreen.storyboard in Resources */ = {isa = PBXBuildFile; fileRef = 01AF00000000000000000014 /* LaunchScreen.storyboard */; };
		01BF00000000000000000023 /* PostRepository.swift in Sources */ = {isa = PBXBuildFile; fileRef = 01AF00000000000000000023 /* PostRepository.swift */; };
		01BF00000000000000000024 /* LocalPostRepository.swift in Sources */ = {isa = PBXBuildFile; fileRef = 01AF00000000000000000024 /* LocalPostRepository.swift */; };
		01BF00000000000000000025 /* CameraPicker.swift in Sources */ = {isa = PBXBuildFile; fileRef = 01AF00000000000000000025 /* CameraPicker.swift */; };
		01BF00000000000000000026 /* RuntimeImageStore.swift in Sources */ = {isa = PBXBuildFile; fileRef = 01AF00000000000000000026 /* RuntimeImageStore.swift */; };
		01BF00000000000000000027 /* RemotePostRepository.swift in Sources */ = {isa = PBXBuildFile; fileRef = 01AF00000000000000000027 /* RemotePostRepository.swift */; };
		01BF00000000000000000028 /* APIConfiguration.swift in Sources */ = {isa = PBXBuildFile; fileRef = 01AF00000000000000000028 /* APIConfiguration.swift */; };
		01BF0000000000000000002A /* PostImage.swift in Sources */ = {isa = PBXBuildFile; fileRef = 01AF0000000000000000002A /* PostImage.swift */; };
		01BF00000000000000000029 /* RemoteImageLoader.swift in Sources */ = {isa = PBXBuildFile; fileRef = 01AF00000000000000000029 /* RemoteImageLoader.swift */; };
		02BF00000000000000000001 /* UserDataTests.swift in Sources */ = {isa = PBXBuildFile; fileRef = 02AF00000000000000000001 /* UserDataTests.swift */; };
		02BF00000000000000000002 /* PostDecodingTests.swift in Sources */ = {isa = PBXBuildFile; fileRef = 02AF00000000000000000002 /* PostDecodingTests.swift */; };
		02BF00000000000000000004 /* APIConfigurationTests.swift in Sources */ = {isa = PBXBuildFile; fileRef = 02AF00000000000000000004 /* APIConfigurationTests.swift */; };
		02BF00000000000000000005 /* RemoteImageLoaderTests.swift in Sources */ = {isa = PBXBuildFile; fileRef = 02AF00000000000000000005 /* RemoteImageLoaderTests.swift */; };
		02BF00000000000000000006 /* ComposeTests.swift in Sources */ = {isa = PBXBuildFile; fileRef = 02AF00000000000000000006 /* ComposeTests.swift */; };
/* End PBXBuildFile section */

/* Begin PBXContainerItemProxy section */
		02AB00000000000000000001 /* PBXContainerItemProxy */ = {
			isa = PBXContainerItemProxy;
			containerPortal = 01EF00000000000000000002 /* Project object */;
			proxyType = 1;
			remoteGlobalIDString = 01EF00000000000000000001;
			remoteInfo = tweetTweet;
		};
/* End PBXContainerItemProxy section */

/* Begin PBXFileReference section */
		01AF00000000000000000001 /* AppDelegate.swift */ = {isa = PBXFileReference; lastKnownFileType = sourcecode.swift; path = AppDelegate.swift; sourceTree = "<group>"; };
		01AF00000000000000000002 /* SceneDelegate.swift */ = {isa = PBXFileReference; lastKnownFileType = sourcecode.swift; path = SceneDelegate.swift; sourceTree = "<group>"; };
		01AF00000000000000000004 /* HScrollView.swift */ = {isa = PBXFileReference; lastKnownFileType = sourcecode.swift; path = HScrollView.swift; sourceTree = "<group>"; };
		01AF00000000000000000005 /* PostCell.swift */ = {isa = PBXFileReference; lastKnownFileType = sourcecode.swift; path = PostCell.swift; sourceTree = "<group>"; };
		01AF00000000000000000006 /* CommentTextView.swift */ = {isa = PBXFileReference; lastKnownFileType = sourcecode.swift; path = CommentTextView.swift; sourceTree = "<group>"; };
		01AF00000000000000000007 /* PostImageCell.swift */ = {isa = PBXFileReference; lastKnownFileType = sourcecode.swift; path = PostImageCell.swift; sourceTree = "<group>"; };
		01AF00000000000000000008 /* Post.swift */ = {isa = PBXFileReference; lastKnownFileType = sourcecode.swift; path = Post.swift; sourceTree = "<group>"; };
		01AF00000000000000000009 /* PostCellToolbarButton.swift */ = {isa = PBXFileReference; lastKnownFileType = sourcecode.swift; path = PostCellToolbarButton.swift; sourceTree = "<group>"; };
		01AF0000000000000000000A /* UserData.swift */ = {isa = PBXFileReference; lastKnownFileType = sourcecode.swift; path = UserData.swift; sourceTree = "<group>"; };
		01AF0000000000000000000B /* KeyboardResponder.swift */ = {isa = PBXFileReference; lastKnownFileType = sourcecode.swift; path = KeyboardResponder.swift; sourceTree = "<group>"; };
		01AF0000000000000000000C /* HomeView.swift */ = {isa = PBXFileReference; lastKnownFileType = sourcecode.swift; path = HomeView.swift; sourceTree = "<group>"; };
		01AF0000000000000000000D /* CommentInputView.swift */ = {isa = PBXFileReference; lastKnownFileType = sourcecode.swift; path = CommentInputView.swift; sourceTree = "<group>"; };
		01AF0000000000000000000E /* PostDetailView.swift */ = {isa = PBXFileReference; lastKnownFileType = sourcecode.swift; path = PostDetailView.swift; sourceTree = "<group>"; };
		01AF0000000000000000000F /* HomeNavigationBar.swift */ = {isa = PBXFileReference; lastKnownFileType = sourcecode.swift; path = HomeNavigationBar.swift; sourceTree = "<group>"; };
		01AF00000000000000000010 /* PostListView.swift */ = {isa = PBXFileReference; lastKnownFileType = sourcecode.swift; path = PostListView.swift; sourceTree = "<group>"; };
		01AF00000000000000000011 /* PostVIPBadge.swift */ = {isa = PBXFileReference; lastKnownFileType = sourcecode.swift; path = PostVIPBadge.swift; sourceTree = "<group>"; };
		01AF00000000000000000012 /* Assets.xcassets */ = {isa = PBXFileReference; lastKnownFileType = folder.assetcatalog; path = Assets.xcassets; sourceTree = "<group>"; };
		01AF00000000000000000013 /* Info.plist */ = {isa = PBXFileReference; lastKnownFileType = text.plist.xml; path = Info.plist; sourceTree = "<group>"; };
		01AF00000000000000000014 /* LaunchScreen.storyboard */ = {isa = PBXFileReference; lastKnownFileType = file.storyboard; name = LaunchScreen.storyboard; path = Base.lproj/LaunchScreen.storyboard; sourceTree = "<group>"; };
		01AF00000000000000000015 /* Resources */ = {isa = PBXFileReference; lastKnownFileType = folder; path = Resources; sourceTree = "<group>"; };
		01AF00000000000000000016 /* tweetTweet.app */ = {isa = PBXFileReference; explicitFileType = wrapper.application; includeInIndex = 0; path = tweetTweet.app; sourceTree = BUILT_PRODUCTS_DIR; };
		01AF00000000000000000017 /* InfoForBinary.plist */ = {isa = PBXFileReference; lastKnownFileType = text.plist.xml; path = InfoForBinary.plist; sourceTree = "<group>"; };
		01AF00000000000000000018 /* ComposePostView.swift */ = {isa = PBXFileReference; lastKnownFileType = sourcecode.swift; path = ComposePostView.swift; sourceTree = "<group>"; };
		01AF00000000000000000019 /* MediaPickerView.swift */ = {isa = PBXFileReference; lastKnownFileType = sourcecode.swift; path = MediaPickerView.swift; sourceTree = "<group>"; };
		01AF0000000000000000001A /* HomeChromeViews.swift */ = {isa = PBXFileReference; lastKnownFileType = sourcecode.swift; path = HomeChromeViews.swift; sourceTree = "<group>"; };
		01AF0000000000000000001B /* HomeFeedPagerView.swift */ = {isa = PBXFileReference; lastKnownFileType = sourcecode.swift; path = HomeFeedPagerView.swift; sourceTree = "<group>"; };
		01AF0000000000000000001C /* HomeSearchView.swift */ = {isa = PBXFileReference; lastKnownFileType = sourcecode.swift; path = HomeSearchView.swift; sourceTree = "<group>"; };
		01AF00000000000000000032 /* ProfileView.swift */ = {isa = PBXFileReference; lastKnownFileType = sourcecode.swift; path = ProfileView.swift; sourceTree = "<group>"; };
		01AF00000000000000000031 /* NotificationsView.swift */ = {isa = PBXFileReference; lastKnownFileType = sourcecode.swift; path = NotificationsView.swift; sourceTree = "<group>"; };
		01AF00000000000000000030 /* RootView.swift */ = {isa = PBXFileReference; lastKnownFileType = sourcecode.swift; path = RootView.swift; sourceTree = "<group>"; };
		01AF00000000000000000023 /* PostRepository.swift */ = {isa = PBXFileReference; lastKnownFileType = sourcecode.swift; path = PostRepository.swift; sourceTree = "<group>"; };
		01AF00000000000000000024 /* LocalPostRepository.swift */ = {isa = PBXFileReference; lastKnownFileType = sourcecode.swift; path = LocalPostRepository.swift; sourceTree = "<group>"; };
		01AF00000000000000000025 /* CameraPicker.swift */ = {isa = PBXFileReference; lastKnownFileType = sourcecode.swift; path = CameraPicker.swift; sourceTree = "<group>"; };
		01AF00000000000000000026 /* RuntimeImageStore.swift */ = {isa = PBXFileReference; lastKnownFileType = sourcecode.swift; path = RuntimeImageStore.swift; sourceTree = "<group>"; };
		01AF00000000000000000027 /* RemotePostRepository.swift */ = {isa = PBXFileReference; lastKnownFileType = sourcecode.swift; path = RemotePostRepository.swift; sourceTree = "<group>"; };
		01AF00000000000000000028 /* APIConfiguration.swift */ = {isa = PBXFileReference; lastKnownFileType = sourcecode.swift; path = APIConfiguration.swift; sourceTree = "<group>"; };
		01AF0000000000000000002A /* PostImage.swift */ = {isa = PBXFileReference; lastKnownFileType = sourcecode.swift; path = PostImage.swift; sourceTree = "<group>"; };
		01AF00000000000000000029 /* RemoteImageLoader.swift */ = {isa = PBXFileReference; lastKnownFileType = sourcecode.swift; path = RemoteImageLoader.swift; sourceTree = "<group>"; };
		02AF00000000000000000001 /* UserDataTests.swift */ = {isa = PBXFileReference; lastKnownFileType = sourcecode.swift; path = UserDataTests.swift; sourceTree = "<group>"; };
		02AF00000000000000000002 /* PostDecodingTests.swift */ = {isa = PBXFileReference; lastKnownFileType = sourcecode.swift; path = PostDecodingTests.swift; sourceTree = "<group>"; };
		02AF00000000000000000003 /* tweetTweetTests.xctest */ = {isa = PBXFileReference; explicitFileType = wrapper.cfbundle; includeInIndex = 0; path = tweetTweetTests.xctest; sourceTree = BUILT_PRODUCTS_DIR; };
		02AF00000000000000000004 /* APIConfigurationTests.swift */ = {isa = PBXFileReference; lastKnownFileType = sourcecode.swift; path = APIConfigurationTests.swift; sourceTree = "<group>"; };
		02AF00000000000000000005 /* RemoteImageLoaderTests.swift */ = {isa = PBXFileReference; lastKnownFileType = sourcecode.swift; path = RemoteImageLoaderTests.swift; sourceTree = "<group>"; };
		02AF00000000000000000006 /* ComposeTests.swift */ = {isa = PBXFileReference; lastKnownFileType = sourcecode.swift; path = ComposeTests.swift; sourceTree = "<group>"; };
		FEED00000000000000000000 /* Base.xcconfig */ = {isa = PBXFileReference; lastKnownFileType = text.xcconfig; path = Base.xcconfig; sourceTree = "<group>"; };
		FEED00000000000000000002 /* Signing.local.xcconfig.example */ = {isa = PBXFileReference; lastKnownFileType = text; path = Signing.local.xcconfig.example; sourceTree = "<group>"; };
		FEED00000000000000000003 /* Signing.xcconfig */ = {isa = PBXFileReference; lastKnownFileType = text.xcconfig; path = Signing.xcconfig; sourceTree = "<group>"; };
		FEED00000000000000000004 /* API.xcconfig */ = {isa = PBXFileReference; lastKnownFileType = text.xcconfig; path = API.xcconfig; sourceTree = "<group>"; };
		FEED00000000000000000005 /* API.local.xcconfig.example */ = {isa = PBXFileReference; lastKnownFileType = text; path = API.local.xcconfig.example; sourceTree = "<group>"; };
/* End PBXFileReference section */

/* Begin PBXFrameworksBuildPhase section */
		01CF00000000000000000001 /* Frameworks */ = {
			isa = PBXFrameworksBuildPhase;
			buildActionMask = 2147483647;
			files = (
			);
			runOnlyForDeploymentPostprocessing = 0;
		};
		02CF00000000000000000001 /* Frameworks */ = {
			isa = PBXFrameworksBuildPhase;
			buildActionMask = 2147483647;
			files = (
			);
			runOnlyForDeploymentPostprocessing = 0;
		};
/* End PBXFrameworksBuildPhase section */

/* Begin PBXGroup section */
		01DF00000000000000000001 = {
			isa = PBXGroup;
			children = (
				01DF00000000000000000003 /* Controller */,
				01DF00000000000000000008 /* Model */,
				01DF00000000000000000009 /* Network */,
				01DF0000000000000000000A /* View */,
				01DF0000000000000000000D /* ViewModel */,
				01AF00000000000000000012 /* Assets.xcassets */,
				01AF00000000000000000013 /* Info.plist */,
				01AF00000000000000000017 /* InfoForBinary.plist */,
				01AF00000000000000000014 /* LaunchScreen.storyboard */,
				01AF00000000000000000015 /* Resources */,
				02DF00000000000000000001 /* tweetTweetTests */,
				01DF00000000000000000002 /* Products */,
				FEED00000000000000000001 /* Config */,
			);
			sourceTree = "<group>";
		};
		01DF00000000000000000002 /* Products */ = {
			isa = PBXGroup;
			children = (
				01AF00000000000000000016 /* tweetTweet.app */,
				02AF00000000000000000003 /* tweetTweetTests.xctest */,
			);
			name = Products;
			sourceTree = "<group>";
		};
		01DF00000000000000000003 /* Controller */ = {
			isa = PBXGroup;
			children = (
				01DF00000000000000000005 /* Main */,
				01DF00000000000000000007 /* Scenario */,
			);
			path = Controller;
			sourceTree = "<group>";
		};
		01DF00000000000000000005 /* Main */ = {
			isa = PBXGroup;
			children = (
				01AF0000000000000000000C /* HomeView.swift */,
				01AF0000000000000000001B /* HomeFeedPagerView.swift */,
				01AF0000000000000000001C /* HomeSearchView.swift */,
				01AF00000000000000000032 /* ProfileView.swift */,
				01AF00000000000000000031 /* NotificationsView.swift */,
				01AF00000000000000000030 /* RootView.swift */,
				01AF0000000000000000000E /* PostDetailView.swift */,
				01AF00000000000000000018 /* ComposePostView.swift */,
				01AF00000000000000000019 /* MediaPickerView.swift */,
				01AF00000000000000000010 /* PostListView.swift */,
				01AF00000000000000000004 /* HScrollView.swift */,
			);
			path = Main;
			sourceTree = "<group>";
		};
		01DF00000000000000000007 /* Scenario */ = {
			isa = PBXGroup;
			children = (
				01AF00000000000000000001 /* AppDelegate.swift */,
				01AF00000000000000000002 /* SceneDelegate.swift */,
			);
			path = Scenario;
			sourceTree = "<group>";
		};
		01DF00000000000000000008 /* Model */ = {
			isa = PBXGroup;
			children = (
				01AF00000000000000000008 /* Post.swift */,
			);
			path = Model;
			sourceTree = "<group>";
		};
		01DF00000000000000000009 /* Network */ = {
			isa = PBXGroup;
			children = (
				01AF00000000000000000023 /* PostRepository.swift */,
				01AF00000000000000000024 /* LocalPostRepository.swift */,
				01AF00000000000000000027 /* RemotePostRepository.swift */,
				01AF00000000000000000028 /* APIConfiguration.swift */,
				01AF00000000000000000029 /* RemoteImageLoader.swift */,
			);
			path = Network;
			sourceTree = "<group>";
		};
		01DF0000000000000000000A /* View */ = {
			isa = PBXGroup;
			children = (
				01DF0000000000000000000B /* Customised */,
				01DF0000000000000000000C /* TableViewCell */,
			);
			path = View;
			sourceTree = "<group>";
		};
		01DF0000000000000000000B /* Customised */ = {
			isa = PBXGroup;
			children = (
				01AF0000000000000000001A /* HomeChromeViews.swift */,
				01AF0000000000000000000F /* HomeNavigationBar.swift */,
				01AF00000000000000000009 /* PostCellToolbarButton.swift */,
				01AF00000000000000000011 /* PostVIPBadge.swift */,
				01AF00000000000000000006 /* CommentTextView.swift */,
				01AF0000000000000000000D /* CommentInputView.swift */,
				01AF00000000000000000007 /* PostImageCell.swift */,
				01AF0000000000000000002A /* PostImage.swift */,
				01AF00000000000000000025 /* CameraPicker.swift */,
			);
			path = Customised;
			sourceTree = "<group>";
		};
		01DF0000000000000000000C /* TableViewCell */ = {
			isa = PBXGroup;
			children = (
				01AF00000000000000000005 /* PostCell.swift */,
			);
			path = TableViewCell;
			sourceTree = "<group>";
		};
		01DF0000000000000000000D /* ViewModel */ = {
			isa = PBXGroup;
			children = (
				01AF0000000000000000000A /* UserData.swift */,
				01AF0000000000000000000B /* KeyboardResponder.swift */,
				01AF00000000000000000026 /* RuntimeImageStore.swift */,
			);
			path = ViewModel;
			sourceTree = "<group>";
		};
		02DF00000000000000000001 /* tweetTweetTests */ = {
			isa = PBXGroup;
			children = (
				02AF00000000000000000001 /* UserDataTests.swift */,
				02AF00000000000000000002 /* PostDecodingTests.swift */,
				02AF00000000000000000004 /* APIConfigurationTests.swift */,
				02AF00000000000000000005 /* RemoteImageLoaderTests.swift */,
				02AF00000000000000000006 /* ComposeTests.swift */,
			);
			path = tweetTweetTests;
			sourceTree = "<group>";
		};
		FEED00000000000000000001 /* Config */ = {
			isa = PBXGroup;
			children = (
				FEED00000000000000000000 /* Base.xcconfig */,
				FEED00000000000000000004 /* API.xcconfig */,
				FEED00000000000000000005 /* API.local.xcconfig.example */,
				FEED00000000000000000003 /* Signing.xcconfig */,
				FEED00000000000000000002 /* Signing.local.xcconfig.example */,
			);
			path = Config;
			sourceTree = "<group>";
		};
/* End PBXGroup section */

/* Begin PBXNativeTarget section */
		01EF00000000000000000001 /* tweetTweet */ = {
			isa = PBXNativeTarget;
			buildConfigurationList = 01FF00000000000000000003 /* Build configuration list for PBXNativeTarget "tweetTweet" */;
			buildPhases = (
				01CF00000000000000000002 /* Sources */,
				01CF00000000000000000001 /* Frameworks */,
				01CF00000000000000000003 /* Resources */,
				01CF00000000000000000004 /* Copy AppResources */,
			);
			buildRules = (
			);
			dependencies = (
			);
			name = tweetTweet;
			productName = tweetTweet;
			productReference = 01AF00000000000000000016 /* tweetTweet.app */;
			productType = "com.apple.product-type.application";
		};
		02EF00000000000000000001 /* tweetTweetTests */ = {
			isa = PBXNativeTarget;
			buildConfigurationList = 02FF00000000000000000003 /* Build configuration list for PBXNativeTarget "tweetTweetTests" */;
			buildPhases = (
				02CF00000000000000000002 /* Sources */,
				02CF00000000000000000001 /* Frameworks */,
				02CF00000000000000000003 /* Resources */,
			);
			buildRules = (
			);
			dependencies = (
				02ED00000000000000000001 /* PBXTargetDependency */,
			);
			name = tweetTweetTests;
			productName = tweetTweetTests;
			productReference = 02AF00000000000000000003 /* tweetTweetTests.xctest */;
			productType = "com.apple.product-type.bundle.unit-test";
		};
/* End PBXNativeTarget section */

/* Begin PBXProject section */
		01EF00000000000000000002 /* Project object */ = {
			isa = PBXProject;
			attributes = {
				BuildIndependentTargetsInParallel = 1;
				LastSwiftUpdateCheck = 2640;
				LastUpgradeCheck = 2640;
				TargetAttributes = {
					01EF00000000000000000001 = {
						CreatedOnToolsVersion = 26.4.1;
					};
					02EF00000000000000000001 = {
						CreatedOnToolsVersion = 26.4.1;
						TestTargetID = 01EF00000000000000000001;
					};
				};
			};
			buildConfigurationList = 01FF00000000000000000001 /* Build configuration list for PBXProject "tweetTweet" */;
			compatibilityVersion = "Xcode 14.0";
			developmentRegion = en;
			hasScannedForEncodings = 0;
			knownRegions = (
				en,
				Base,
			);
			mainGroup = 01DF00000000000000000001;
			productRefGroup = 01DF00000000000000000002 /* Products */;
			projectDirPath = "";
			projectRoot = "";
			targets = (
				01EF00000000000000000001 /* tweetTweet */,
				02EF00000000000000000001 /* tweetTweetTests */,
			);
		};
/* End PBXProject section */

/* Begin PBXResourcesBuildPhase section */
		01CF00000000000000000003 /* Resources */ = {
			isa = PBXResourcesBuildPhase;
			buildActionMask = 2147483647;
			files = (
				01BF00000000000000000020 /* Assets.xcassets in Resources */,
				01BF00000000000000000021 /* LaunchScreen.storyboard in Resources */,
			);
			runOnlyForDeploymentPostprocessing = 0;
		};
		02CF00000000000000000003 /* Resources */ = {
			isa = PBXResourcesBuildPhase;
			buildActionMask = 2147483647;
			files = (
			);
			runOnlyForDeploymentPostprocessing = 0;
		};
/* End PBXResourcesBuildPhase section */

/* Begin PBXShellScriptBuildPhase section */
		01CF00000000000000000004 /* Copy AppResources */ = {
			isa = PBXShellScriptBuildPhase;
			buildActionMask = 2147483647;
			files = (
			);
			inputFileListPaths = (
			);
			inputPaths = (
				"$(SRCROOT)/Resources",
			);
			name = "Copy AppResources";
			outputFileListPaths = (
			);
			outputPaths = (
				"$(TARGET_BUILD_DIR)/$(UNLOCALIZED_RESOURCES_FOLDER_PATH)/AppResources",
			);
			runOnlyForDeploymentPostprocessing = 0;
			shellPath = /bin/sh;
			shellScript = "set -e\nAPP_RESOURCES=\"${TARGET_BUILD_DIR}/${UNLOCALIZED_RESOURCES_FOLDER_PATH}/AppResources\"\nrm -rf \"$APP_RESOURCES\"\nmkdir -p \"$APP_RESOURCES\"\n/usr/bin/ditto \"${SRCROOT}/Resources\" \"$APP_RESOURCES\"\n";
		};
/* End PBXShellScriptBuildPhase section */

/* Begin PBXSourcesBuildPhase section */
		01CF00000000000000000002 /* Sources */ = {
			isa = PBXSourcesBuildPhase;
			buildActionMask = 2147483647;
			files = (
				01BF00000000000000000001 /* AppDelegate.swift in Sources */,
				01BF00000000000000000002 /* SceneDelegate.swift in Sources */,
				01BF00000000000000000004 /* HScrollView.swift in Sources */,
				01BF00000000000000000005 /* PostCell.swift in Sources */,
				01BF00000000000000000006 /* CommentTextView.swift in Sources */,
				01BF00000000000000000007 /* PostImageCell.swift in Sources */,
				01BF00000000000000000008 /* Post.swift in Sources */,
				01BF00000000000000000009 /* PostCellToolbarButton.swift in Sources */,
				01BF0000000000000000000A /* UserData.swift in Sources */,
				01BF0000000000000000000B /* KeyboardResponder.swift in Sources */,
				01BF0000000000000000000C /* HomeView.swift in Sources */,
				01BF0000000000000000000D /* CommentInputView.swift in Sources */,
				01BF0000000000000000000E /* PostDetailView.swift in Sources */,
				01BF0000000000000000000F /* HomeNavigationBar.swift in Sources */,
				01BF00000000000000000010 /* PostListView.swift in Sources */,
				01BF00000000000000000011 /* PostVIPBadge.swift in Sources */,
				01BF00000000000000000018 /* ComposePostView.swift in Sources */,
				01BF00000000000000000019 /* MediaPickerView.swift in Sources */,
				01BF0000000000000000001A /* HomeChromeViews.swift in Sources */,
				01BF0000000000000000001B /* HomeFeedPagerView.swift in Sources */,
				01BF0000000000000000001C /* HomeSearchView.swift in Sources */,
				01BF00000000000000000032 /* ProfileView.swift in Sources */,
				01BF00000000000000000031 /* NotificationsView.swift in Sources */,
				01BF00000000000000000030 /* RootView.swift in Sources */,
				01BF00000000000000000023 /* PostRepository.swift in Sources */,
				01BF00000000000000000024 /* LocalPostRepository.swift in Sources */,
				01BF00000000000000000025 /* CameraPicker.swift in Sources */,
				01BF00000000000000000026 /* RuntimeImageStore.swift in Sources */,
				01BF00000000000000000027 /* RemotePostRepository.swift in Sources */,
				01BF00000000000000000028 /* APIConfiguration.swift in Sources */,
				01BF0000000000000000002A /* PostImage.swift in Sources */,
				01BF00000000000000000029 /* RemoteImageLoader.swift in Sources */,
			);
			runOnlyForDeploymentPostprocessing = 0;
		};
		02CF00000000000000000002 /* Sources */ = {
			isa = PBXSourcesBuildPhase;
			buildActionMask = 2147483647;
			files = (
				02BF00000000000000000001 /* UserDataTests.swift in Sources */,
				02BF00000000000000000002 /* PostDecodingTests.swift in Sources */,
				02BF00000000000000000004 /* APIConfigurationTests.swift in Sources */,
				02BF00000000000000000005 /* RemoteImageLoaderTests.swift in Sources */,
				02BF00000000000000000006 /* ComposeTests.swift in Sources */,
			);
			runOnlyForDeploymentPostprocessing = 0;
		};
/* End PBXSourcesBuildPhase section */

/* Begin PBXTargetDependency section */
		02ED00000000000000000001 /* PBXTargetDependency */ = {
			isa = PBXTargetDependency;
			target = 01EF00000000000000000001 /* tweetTweet */;
			targetProxy = 02AB00000000000000000001 /* PBXContainerItemProxy */;
		};
/* End PBXTargetDependency section */

/* Begin XCBuildConfiguration section */
		01FF00000000000000000002 /* Debug */ = {
			isa = XCBuildConfiguration;
			buildSettings = {
				ALWAYS_SEARCH_USER_PATHS = NO;
				CLANG_ANALYZER_NONNULL = YES;
				CLANG_ANALYZER_NUMBER_OBJECT_CONVERSION = YES_AGGRESSIVE;
				CLANG_CXX_LANGUAGE_STANDARD = "gnu++20";
				CLANG_ENABLE_MODULES = YES;
				CLANG_ENABLE_OBJC_ARC = YES;
				CLANG_ENABLE_OBJC_WEAK = YES;
				CLANG_WARN_BLOCK_CAPTURE_AUTORELEASING = YES;
				CLANG_WARN_BOOL_CONVERSION = YES;
				CLANG_WARN_COMMA = YES;
				CLANG_WARN_CONSTANT_CONVERSION = YES;
				CLANG_WARN_DEPRECATED_OBJC_IMPLEMENTATIONS = YES;
				CLANG_WARN_DIRECT_OBJC_ISA_USAGE = YES_ERROR;
				CLANG_WARN_DOCUMENTATION_COMMENTS = YES;
				CLANG_WARN_EMPTY_BODY = YES;
				CLANG_WARN_ENUM_CONVERSION = YES;
				CLANG_WARN_INFINITE_RECURSION = YES;
				CLANG_WARN_INT_CONVERSION = YES;
				CLANG_WARN_NON_LITERAL_NULL_CONVERSION = YES;
				CLANG_WARN_OBJC_IMPLICIT_RETAIN_SELF = YES;
				CLANG_WARN_OBJC_LITERAL_CONVERSION = YES;
				CLANG_WARN_OBJC_ROOT_CLASS = YES_ERROR;
				CLANG_WARN_QUOTED_INCLUDE_IN_FRAMEWORK_HEADER = YES;
				CLANG_WARN_RANGE_LOOP_ANALYSIS = YES;
				CLANG_WARN_STRICT_PROTOTYPES = YES;
				CLANG_WARN_SUSPICIOUS_MOVE = YES;
				CLANG_WARN_UNGUARDED_AVAILABILITY = YES_AGGRESSIVE;
				CLANG_WARN_UNREACHABLE_CODE = YES;
				CLANG_WARN__DUPLICATE_METHOD_MATCH = YES;
				COPY_PHASE_STRIP = NO;
				DEBUG_INFORMATION_FORMAT = dwarf;
				ENABLE_STRICT_OBJC_MSGSEND = YES;
				ENABLE_TESTABILITY = YES;
				GCC_C_LANGUAGE_STANDARD = gnu17;
				GCC_DYNAMIC_NO_PIC = NO;
				GCC_NO_COMMON_BLOCKS = YES;
				GCC_OPTIMIZATION_LEVEL = 0;
				GCC_PREPROCESSOR_DEFINITIONS = "DEBUG=1";
				GCC_WARN_64_TO_32_BIT_CONVERSION = YES;
				GCC_WARN_ABOUT_RETURN_TYPE = YES_ERROR;
				GCC_WARN_UNDECLARED_SELECTOR = YES;
				GCC_WARN_UNINITIALIZED_AUTOS = YES_AGGRESSIVE;
				GCC_WARN_UNUSED_FUNCTION = YES;
				GCC_WARN_UNUSED_VARIABLE = YES;
				IPHONEOS_DEPLOYMENT_TARGET = 15.0;
				MTL_ENABLE_DEBUG_INFO = INCLUDE_SOURCE;
				MTL_FAST_MATH = YES;
				ONLY_ACTIVE_ARCH = YES;
				SDKROOT = iphoneos;
				SWIFT_ACTIVE_COMPILATION_CONDITIONS = DEBUG;
				SWIFT_OPTIMIZATION_LEVEL = "-Onone";
			};
			name = Debug;
		};
		01FF00000000000000000004 /* Debug */ = {
			isa = XCBuildConfiguration;
			baseConfigurationReference = FEED00000000000000000000 /* Base.xcconfig */;
			buildSettings = {
				ASSETCATALOG_COMPILER_APPICON_NAME = AppIcon;
				ASSETCATALOG_COMPILER_GLOBAL_ACCENT_COLOR_NAME = AccentColor;
				CODE_SIGN_STYLE = Automatic;
				CREATE_INFOPLIST_SECTION_IN_BINARY = YES;
				CURRENT_PROJECT_VERSION = 1;
				ENABLE_DEBUG_DYLIB = NO;
				GENERATE_INFOPLIST_FILE = NO;
				INFOPLIST_FILE = Info.plist;
				IPHONEOS_DEPLOYMENT_TARGET = 15.0;
				OTHER_LDFLAGS = "-Wl,-sectcreate,__TEXT,__info_plist,InfoForBinary.plist";
				PRODUCT_BUNDLE_IDENTIFIER = io.github.cowton0627.tweettweet;
				PRODUCT_NAME = "$(TARGET_NAME)";
				SDKROOT = iphoneos;
				SUPPORTED_PLATFORMS = "iphoneos iphonesimulator";
				SWIFT_VERSION = 5.0;
				TARGETED_DEVICE_FAMILY = "1,2";
				WRAPPER_EXTENSION = app;
			};
			name = Debug;
		};
		01FF00000000000000000005 /* Release */ = {
			isa = XCBuildConfiguration;
			baseConfigurationReference = FEED00000000000000000000 /* Base.xcconfig */;
			buildSettings = {
				ASSETCATALOG_COMPILER_APPICON_NAME = AppIcon;
				ASSETCATALOG_COMPILER_GLOBAL_ACCENT_COLOR_NAME = AccentColor;
				CODE_SIGN_STYLE = Automatic;
				CREATE_INFOPLIST_SECTION_IN_BINARY = YES;
				CURRENT_PROJECT_VERSION = 1;
				ENABLE_DEBUG_DYLIB = NO;
				GENERATE_INFOPLIST_FILE = NO;
				INFOPLIST_FILE = Info.plist;
				IPHONEOS_DEPLOYMENT_TARGET = 15.0;
				OTHER_LDFLAGS = "-Wl,-sectcreate,__TEXT,__info_plist,InfoForBinary.plist";
				PRODUCT_BUNDLE_IDENTIFIER = io.github.cowton0627.tweettweet;
				PRODUCT_NAME = "$(TARGET_NAME)";
				SDKROOT = iphoneos;
				SUPPORTED_PLATFORMS = "iphoneos iphonesimulator";
				SWIFT_VERSION = 5.0;
				TARGETED_DEVICE_FAMILY = "1,2";
				WRAPPER_EXTENSION = app;
			};
			name = Release;
		};
		01FF00000000000000000006 /* Release */ = {
			isa = XCBuildConfiguration;
			buildSettings = {
				ALWAYS_SEARCH_USER_PATHS = NO;
				CLANG_ANALYZER_NONNULL = YES;
				CLANG_ANALYZER_NUMBER_OBJECT_CONVERSION = YES_AGGRESSIVE;
				CLANG_CXX_LANGUAGE_STANDARD = "gnu++20";
				CLANG_ENABLE_MODULES = YES;
				CLANG_ENABLE_OBJC_ARC = YES;
				CLANG_ENABLE_OBJC_WEAK = YES;
				CLANG_WARN_BLOCK_CAPTURE_AUTORELEASING = YES;
				CLANG_WARN_BOOL_CONVERSION = YES;
				CLANG_WARN_COMMA = YES;
				CLANG_WARN_CONSTANT_CONVERSION = YES;
				CLANG_WARN_DEPRECATED_OBJC_IMPLEMENTATIONS = YES;
				CLANG_WARN_DIRECT_OBJC_ISA_USAGE = YES_ERROR;
				CLANG_WARN_DOCUMENTATION_COMMENTS = YES;
				CLANG_WARN_EMPTY_BODY = YES;
				CLANG_WARN_ENUM_CONVERSION = YES;
				CLANG_WARN_INFINITE_RECURSION = YES;
				CLANG_WARN_INT_CONVERSION = YES;
				CLANG_WARN_NON_LITERAL_NULL_CONVERSION = YES;
				CLANG_WARN_OBJC_IMPLICIT_RETAIN_SELF = YES;
				CLANG_WARN_OBJC_LITERAL_CONVERSION = YES;
				CLANG_WARN_OBJC_ROOT_CLASS = YES_ERROR;
				CLANG_WARN_QUOTED_INCLUDE_IN_FRAMEWORK_HEADER = YES;
				CLANG_WARN_RANGE_LOOP_ANALYSIS = YES;
				CLANG_WARN_STRICT_PROTOTYPES = YES;
				CLANG_WARN_SUSPICIOUS_MOVE = YES;
				CLANG_WARN_UNGUARDED_AVAILABILITY = YES_AGGRESSIVE;
				CLANG_WARN_UNREACHABLE_CODE = YES;
				CLANG_WARN__DUPLICATE_METHOD_MATCH = YES;
				COPY_PHASE_STRIP = NO;
				DEBUG_INFORMATION_FORMAT = "dwarf-with-dsym";
				ENABLE_NS_ASSERTIONS = NO;
				ENABLE_STRICT_OBJC_MSGSEND = YES;
				GCC_C_LANGUAGE_STANDARD = gnu17;
				GCC_NO_COMMON_BLOCKS = YES;
				GCC_WARN_64_TO_32_BIT_CONVERSION = YES;
				GCC_WARN_ABOUT_RETURN_TYPE = YES_ERROR;
				GCC_WARN_UNDECLARED_SELECTOR = YES;
				GCC_WARN_UNINITIALIZED_AUTOS = YES_AGGRESSIVE;
				GCC_WARN_UNUSED_FUNCTION = YES;
				GCC_WARN_UNUSED_VARIABLE = YES;
				IPHONEOS_DEPLOYMENT_TARGET = 15.0;
				MTL_ENABLE_DEBUG_INFO = NO;
				MTL_FAST_MATH = YES;
				SDKROOT = iphoneos;
				SWIFT_COMPILATION_MODE = wholemodule;
				SWIFT_OPTIMIZATION_LEVEL = "-O";
				VALIDATE_PRODUCT = YES;
			};
			name = Release;
		};
		02FF00000000000000000004 /* Debug */ = {
			isa = XCBuildConfiguration;
			baseConfigurationReference = FEED00000000000000000000 /* Base.xcconfig */;
			buildSettings = {
				BUNDLE_LOADER = "$(TEST_HOST)";
				CODE_SIGN_STYLE = Automatic;
				GENERATE_INFOPLIST_FILE = YES;
				IPHONEOS_DEPLOYMENT_TARGET = 15.0;
				PRODUCT_BUNDLE_IDENTIFIER = io.github.cowton0627.tweettweetTests;
				PRODUCT_NAME = "$(TARGET_NAME)";
				SDKROOT = iphoneos;
				SUPPORTED_PLATFORMS = "iphoneos iphonesimulator";
				SWIFT_VERSION = 5.0;
				TARGETED_DEVICE_FAMILY = "1,2";
				TEST_HOST = "$(BUILT_PRODUCTS_DIR)/tweetTweet.app/$(BUNDLE_EXECUTABLE_FOLDER_PATH)/tweetTweet";
			};
			name = Debug;
		};
		02FF00000000000000000005 /* Release */ = {
			isa = XCBuildConfiguration;
			baseConfigurationReference = FEED00000000000000000000 /* Base.xcconfig */;
			buildSettings = {
				BUNDLE_LOADER = "$(TEST_HOST)";
				CODE_SIGN_STYLE = Automatic;
				GENERATE_INFOPLIST_FILE = YES;
				IPHONEOS_DEPLOYMENT_TARGET = 15.0;
				PRODUCT_BUNDLE_IDENTIFIER = io.github.cowton0627.tweettweetTests;
				PRODUCT_NAME = "$(TARGET_NAME)";
				SDKROOT = iphoneos;
				SUPPORTED_PLATFORMS = "iphoneos iphonesimulator";
				SWIFT_VERSION = 5.0;
				TARGETED_DEVICE_FAMILY = "1,2";
				TEST_HOST = "$(BUILT_PRODUCTS_DIR)/tweetTweet.app/$(BUNDLE_EXECUTABLE_FOLDER_PATH)/tweetTweet";
			};
			name = Release;
		};
/* End XCBuildConfiguration section */

/* Begin XCConfigurationList section */
		01FF00000000000000000001 /* Build configuration list for PBXProject "tweetTweet" */ = {
			isa = XCConfigurationList;
			buildConfigurations = (
				01FF00000000000000000002 /* Debug */,
				01FF00000000000000000006 /* Release */,
			);
			defaultConfigurationIsVisible = 0;
			defaultConfigurationName = Release;
		};
		01FF00000000000000000003 /* Build configuration list for PBXNativeTarget "tweetTweet" */ = {
			isa = XCConfigurationList;
			buildConfigurations = (
				01FF00000000000000000004 /* Debug */,
				01FF00000000000000000005 /* Release */,
			);
			defaultConfigurationIsVisible = 0;
			defaultConfigurationName = Release;
		};
		02FF00000000000000000003 /* Build configuration list for PBXNativeTarget "tweetTweetTests" */ = {
			isa = XCConfigurationList;
			buildConfigurations = (
				02FF00000000000000000004 /* Debug */,
				02FF00000000000000000005 /* Release */,
			);
			defaultConfigurationIsVisible = 0;
			defaultConfigurationName = Release;
		};
/* End XCConfigurationList section */
	};
	rootObject = 01EF00000000000000000002 /* Project object */;
}
